
Microsoft Visual Studio Solution File, Format Version 12.00
# Visual Studio 2013
VisualStudioVersion = 12.0.30723.0
MinimumVisualStudioVersion = 10.0.40219.1
Project("{FAE04EC0-301F-11D3-BF4B-00C04F79EFBC}") = "Entities.Common", "src\Entities.Common\Entities.Common.csproj", "{2BFA864A-82EB-410D-BD27-82C0FF1598B8}"
EndProject
Project("{FAE04EC0-301F-11D3-BF4B-00C04F79EFBC}") = "Common.DataAccess", "src\Common.DataAccess\Common.DataAccess.csproj", "{58021BD2-2264-4AAD-BA44-0D7FE1CE0A21}"
EndProject
Project("{FAE04EC0-301F-11D3-BF4B-00C04F79EFBC}") = "Common.WebApi", "src\Common.WebApi\Common.WebApi.csproj", "{08E59F1A-E9A0-4909-A7C7-CA09B7F1CB7E}"
EndProject
Project("{FAE04EC0-301F-11D3-BF4B-00C04F79EFBC}") = "Actual.WebApi", "src\Actual.WebApi\Actual.WebApi.csproj", "{19E77258-328B-4A1D-BDDE-D07B4407B382}"
EndProject
Global
	GlobalSection(SolutionConfigurationPlatforms) = preSolution
		Debug|Any CPU = Debug|Any CPU
		Release|Any CPU = Release|Any CPU
	EndGlobalSection
	GlobalSection(ProjectConfigurationPlatforms) = postSolution
		{2BFA864A-82EB-410D-BD27-82C0FF1598B8}.Debug|Any CPU.ActiveCfg = Debug|Any CPU
		{2BFA864A-82EB-410D-BD27-82C0FF1598B8}.Debug|Any CPU.Build.0 = Debug|Any CPU
		{2BFA864A-82EB-410D-BD27-82C0FF1598B8}.Release|Any CPU.ActiveCfg = Release|Any CPU
		{2BFA864A-82EB-410D-BD27-82C0FF1598B8}.Release|Any CPU.Build.0 = Release|Any CPU
		{58021BD2-2264-4AAD-BA44-0D7FE1CE0A21}.Debug|Any CPU.ActiveCfg = Debug|Any CPU
		{58021BD2-2264-4AAD-BA44-0D7FE1CE0A21}.Debug|Any CPU.Build.0 = Debug|Any CPU
		{58021BD2-2264-4AAD-BA44-0D7FE1CE0A21}.Release|Any CPU.ActiveCfg = Release|Any CPU
		{58021BD2-2264-4AAD-BA44-0D7FE1CE0A21}.Release|Any CPU.Build.0 = Release|Any CPU
		{08E59F1A-E9A0-4909-A7C7-CA09B7F1CB7E}.Debug|Any CPU.ActiveCfg = Debug|Any CPU
		{08E59F1A-E9A0-4909-A7C7-CA09B7F1CB7E}.Debug|Any CPU.Build.0 = Debug|Any CPU
		{08E59F1A-E9A0-4909-A7C7-CA09B7F1CB7E}.Release|Any CPU.ActiveCfg = Release|Any CPU
		{08E59F1A-E9A0-4909-A7C7-CA09B7F1CB7E}.Release|Any CPU.Build.0 = Release|Any CPU
		{19E77258-328B-4A1D-BDDE-D07B4407B382}.Debug|Any CPU.ActiveCfg = Debug|Any CPU
		{19E77258-328B-4A1D-BDDE-D07B4407B382}.Debug|Any CPU.Build.0 = Debug|Any CPU
		{19E77258-328B-4A1D-BDDE-D07B4407B382}.Release|Any CPU.ActiveCfg = Release|Any CPU
		{19E77258-328B-4A1D-BDDE-D07B4407B382}.Release|Any CPU.Build.0 = Release|Any CPU
	EndGlobalSection
	GlobalSection(SolutionProperties) = preSolution
		HideSolutionNode = FALSE
	EndGlobalSection
EndGlobal
